
Microsoft Visual Studio Solution File, Format Version 12.00
# Visual Studio 15
VisualStudioVersion = 15.0.28307.421
MinimumVisualStudioVersion = 10.0.40219.1
Project("{FAE04EC0-301F-11D3-BF4B-00C04F79EFBC}") = "LaavorDoubleList", "LaavorDoubleList\LaavorDoubleList.csproj", "{53139F00-2719-4047-81A2-ADE493AEF559}"
EndProject
Global
	GlobalSection(SolutionConfigurationPlatforms) = preSolution
		Debug|Any CPU = Debug|Any CPU
		Release|Any CPU = Release|Any CPU
	EndGlobalSection
	GlobalSection(ProjectConfigurationPlatforms) = postSolution
		{53139F00-2719-4047-81A2-ADE493AEF559}.Debug|Any CPU.ActiveCfg = Debug|Any CPU
		{53139F00-2719-4047-81A2-ADE493AEF559}.Debug|Any CPU.Build.0 = Debug|Any CPU
		{53139F00-2719-4047-81A2-ADE493AEF559}.Release|Any CPU.ActiveCfg = Release|Any CPU
		{53139F00-2719-4047-81A2-ADE493AEF559}.Release|Any CPU.Build.0 = Release|Any CPU
	EndGlobalSection
	GlobalSection(SolutionProperties) = preSolution
		HideSolutionNode = FALSE
	EndGlobalSection
	GlobalSection(ExtensibilityGlobals) = postSolution
		SolutionGuid = {A1BAC2B4-5C6D-4B36-AD22-EF41912ACA32}
	EndGlobalSection
EndGlobal
