
Microsoft Visual Studio Solution File, Format Version 12.00
# Visual Studio 15
VisualStudioVersion = 15.0.27703.2035
MinimumVisualStudioVersion = 10.0.40219.1
Project("{FAE04EC0-301F-11D3-BF4B-00C04F79EFBC}") = "LaavorButtonImage", "LaavorButtonImage\LaavorButtonImage.csproj", "{42E489A6-A63B-4837-BD35-9DF8A25AA7DD}"
EndProject
Global
	GlobalSection(SolutionConfigurationPlatforms) = preSolution
		Debug|Any CPU = Debug|Any CPU
		Release|Any CPU = Release|Any CPU
	EndGlobalSection
	GlobalSection(ProjectConfigurationPlatforms) = postSolution
		{42E489A6-A63B-4837-BD35-9DF8A25AA7DD}.Debug|Any CPU.ActiveCfg = Debug|Any CPU
		{42E489A6-A63B-4837-BD35-9DF8A25AA7DD}.Debug|Any CPU.Build.0 = Debug|Any CPU
		{42E489A6-A63B-4837-BD35-9DF8A25AA7DD}.Release|Any CPU.ActiveCfg = Release|Any CPU
		{42E489A6-A63B-4837-BD35-9DF8A25AA7DD}.Release|Any CPU.Build.0 = Release|Any CPU
	EndGlobalSection
	GlobalSection(SolutionProperties) = preSolution
		HideSolutionNode = FALSE
	EndGlobalSection
	GlobalSection(ExtensibilityGlobals) = postSolution
		SolutionGuid = {AA7AB8AC-CF4F-4031-AC77-158267CD0ACB}
	EndGlobalSection
EndGlobal
