
Microsoft Visual Studio Solution File, Format Version 12.00
# Visual Studio 15
VisualStudioVersion = 15.0.28307.106
MinimumVisualStudioVersion = 10.0.40219.1
Project("{FAE04EC0-301F-11D3-BF4B-00C04F79EFBC}") = "LaavorNoRegex", "LaavorNoRegex\LaavorNoRegex.csproj", "{C2E8A33E-2E20-449D-8962-D86DFF774A4C}"
EndProject
Global
	GlobalSection(SolutionConfigurationPlatforms) = preSolution
		Debug|Any CPU = Debug|Any CPU
		Release|Any CPU = Release|Any CPU
	EndGlobalSection
	GlobalSection(ProjectConfigurationPlatforms) = postSolution
		{C2E8A33E-2E20-449D-8962-D86DFF774A4C}.Debug|Any CPU.ActiveCfg = Debug|Any CPU
		{C2E8A33E-2E20-449D-8962-D86DFF774A4C}.Debug|Any CPU.Build.0 = Debug|Any CPU
		{C2E8A33E-2E20-449D-8962-D86DFF774A4C}.Release|Any CPU.ActiveCfg = Release|Any CPU
		{C2E8A33E-2E20-449D-8962-D86DFF774A4C}.Release|Any CPU.Build.0 = Release|Any CPU
	EndGlobalSection
	GlobalSection(SolutionProperties) = preSolution
		HideSolutionNode = FALSE
	EndGlobalSection
	GlobalSection(ExtensibilityGlobals) = postSolution
		SolutionGuid = {BA5EC563-7E08-4615-975C-F5682D596888}
	EndGlobalSection
EndGlobal
