
Microsoft Visual Studio Solution File, Format Version 12.00
# Visual Studio 15
VisualStudioVersion = 15.0.27703.2035
MinimumVisualStudioVersion = 10.0.40219.1
Project("{FAE04EC0-301F-11D3-BF4B-00C04F79EFBC}") = "LaavorTitle", "LaavorTitle\LaavorTitle.csproj", "{258ABA06-C46B-40FD-B994-FE7944A7F00E}"
EndProject
Global
	GlobalSection(SolutionConfigurationPlatforms) = preSolution
		Debug|Any CPU = Debug|Any CPU
		Release|Any CPU = Release|Any CPU
	EndGlobalSection
	GlobalSection(ProjectConfigurationPlatforms) = postSolution
		{258ABA06-C46B-40FD-B994-FE7944A7F00E}.Debug|Any CPU.ActiveCfg = Debug|Any CPU
		{258ABA06-C46B-40FD-B994-FE7944A7F00E}.Debug|Any CPU.Build.0 = Debug|Any CPU
		{258ABA06-C46B-40FD-B994-FE7944A7F00E}.Release|Any CPU.ActiveCfg = Release|Any CPU
		{258ABA06-C46B-40FD-B994-FE7944A7F00E}.Release|Any CPU.Build.0 = Release|Any CPU
	EndGlobalSection
	GlobalSection(SolutionProperties) = preSolution
		HideSolutionNode = FALSE
	EndGlobalSection
	GlobalSection(ExtensibilityGlobals) = postSolution
		SolutionGuid = {4871E078-0DCA-46BF-AB80-1F09EF2D4A04}
	EndGlobalSection
EndGlobal
