
Microsoft Visual Studio Solution File, Format Version 12.00
# Visual Studio 15
VisualStudioVersion = 15.0.28307.421
MinimumVisualStudioVersion = 10.0.40219.1
Project("{FAE04EC0-301F-11D3-BF4B-00C04F79EFBC}") = "LaavorButtonWithImage", "LaavorButtonWithImage\LaavorButtonWithImage.csproj", "{FB65EDB6-0389-4923-BB71-DAA02F5C629C}"
EndProject
Global
	GlobalSection(SolutionConfigurationPlatforms) = preSolution
		Debug|Any CPU = Debug|Any CPU
		Release|Any CPU = Release|Any CPU
	EndGlobalSection
	GlobalSection(ProjectConfigurationPlatforms) = postSolution
		{FB65EDB6-0389-4923-BB71-DAA02F5C629C}.Debug|Any CPU.ActiveCfg = Debug|Any CPU
		{FB65EDB6-0389-4923-BB71-DAA02F5C629C}.Debug|Any CPU.Build.0 = Debug|Any CPU
		{FB65EDB6-0389-4923-BB71-DAA02F5C629C}.Release|Any CPU.ActiveCfg = Release|Any CPU
		{FB65EDB6-0389-4923-BB71-DAA02F5C629C}.Release|Any CPU.Build.0 = Release|Any CPU
	EndGlobalSection
	GlobalSection(SolutionProperties) = preSolution
		HideSolutionNode = FALSE
	EndGlobalSection
	GlobalSection(ExtensibilityGlobals) = postSolution
		SolutionGuid = {86AE8393-73B7-4AF5-BEEB-9498A9D854B6}
	EndGlobalSection
EndGlobal
