
Microsoft Visual Studio Solution File, Format Version 12.00
# Visual Studio 15
VisualStudioVersion = 15.0.27703.2035
MinimumVisualStudioVersion = 10.0.40219.1
Project("{FAE04EC0-301F-11D3-BF4B-00C04F79EFBC}") = "LaavorChoiceImage", "LaavorChoiceImage\LaavorChoiceImage.csproj", "{9603B35F-0A37-4E92-BAC9-6367E02B777D}"
EndProject
Global
	GlobalSection(SolutionConfigurationPlatforms) = preSolution
		Debug|Any CPU = Debug|Any CPU
		Release|Any CPU = Release|Any CPU
	EndGlobalSection
	GlobalSection(ProjectConfigurationPlatforms) = postSolution
		{9603B35F-0A37-4E92-BAC9-6367E02B777D}.Debug|Any CPU.ActiveCfg = Debug|Any CPU
		{9603B35F-0A37-4E92-BAC9-6367E02B777D}.Debug|Any CPU.Build.0 = Debug|Any CPU
		{9603B35F-0A37-4E92-BAC9-6367E02B777D}.Release|Any CPU.ActiveCfg = Release|Any CPU
		{9603B35F-0A37-4E92-BAC9-6367E02B777D}.Release|Any CPU.Build.0 = Release|Any CPU
	EndGlobalSection
	GlobalSection(SolutionProperties) = preSolution
		HideSolutionNode = FALSE
	EndGlobalSection
	GlobalSection(ExtensibilityGlobals) = postSolution
		SolutionGuid = {52DE2287-723A-46AA-BAC4-80B95B29B8AB}
	EndGlobalSection
EndGlobal
