
Microsoft Visual Studio Solution File, Format Version 12.00
# Visual Studio 15
VisualStudioVersion = 15.0.28010.2003
MinimumVisualStudioVersion = 10.0.40219.1
Project("{FAE04EC0-301F-11D3-BF4B-00C04F79EFBC}") = "LaavorInputWithImage", "LaavorInputWithImage\LaavorInputWithImage.csproj", "{27FA51C6-5166-439F-82B2-6B5AB0353096}"
EndProject
Global
	GlobalSection(SolutionConfigurationPlatforms) = preSolution
		Debug|Any CPU = Debug|Any CPU
		Release|Any CPU = Release|Any CPU
	EndGlobalSection
	GlobalSection(ProjectConfigurationPlatforms) = postSolution
		{27FA51C6-5166-439F-82B2-6B5AB0353096}.Debug|Any CPU.ActiveCfg = Debug|Any CPU
		{27FA51C6-5166-439F-82B2-6B5AB0353096}.Debug|Any CPU.Build.0 = Debug|Any CPU
		{27FA51C6-5166-439F-82B2-6B5AB0353096}.Release|Any CPU.ActiveCfg = Release|Any CPU
		{27FA51C6-5166-439F-82B2-6B5AB0353096}.Release|Any CPU.Build.0 = Release|Any CPU
	EndGlobalSection
	GlobalSection(SolutionProperties) = preSolution
		HideSolutionNode = FALSE
	EndGlobalSection
	GlobalSection(ExtensibilityGlobals) = postSolution
		SolutionGuid = {55CA07B8-CF7D-42B1-BE41-99BBC848F67B}
	EndGlobalSection
EndGlobal
